{
  "lockfileVersion": 1,
  "configVersion": 0,
  "workspaces": {
    "": {
      "name": "ledgermind-assistant",
      "dependencies": {
        "@supabase/supabase-js": "^2.110.9",
      },
    },
  },
  "packages": {
    "@supabase/auth-js": ["@supabase/auth-js@2.110.9", "https://europe-west4-npm.pkg.dev/lovable-core-prod/sandbox-npm-cache/@supabase/auth-js/-/auth-js-2.110.9.tgz", { "dependencies": { "tslib": "2.8.1" } }, "sha512-XQIWyJfwEUdtzinuLUWPNSJbJKWdCQPqC7dDY45lA1qhX/OzvGPE+4OyPPZVOVWVh4DlPvk5RT2XL6SEAY0MoA=="],

    "@supabase/functions-js": ["@supabase/functions-js@2.110.9", "https://europe-west4-npm.pkg.dev/lovable-core-prod/sandbox-npm-cache/@supabase/functions-js/-/functions-js-2.110.9.tgz", { "dependencies": { "tslib": "2.8.1" } }, "sha512-iSL6ih4vWK5Myc1lCuDoApfeB3Ov3cZIExvlCuQEZTzyzOKG4SLxVKPrBZG/QzwAjp7TEy0LCd0zZQtE5UAaDQ=="],

    "@supabase/phoenix": ["@supabase/phoenix@0.4.5", "https://europe-west4-npm.pkg.dev/lovable-core-prod/sandbox-npm-cache/@supabase/phoenix/-/phoenix-0.4.5.tgz", {}, "sha512-aAn9H9ovVyeApKy11OWOrrOGq8DV68yWeH4ud2lN9fzn4aO8Zb5GLL9m1pUg9nLqIcT+ZDfAcsZe0E/nqdv2lw=="],

    "@supabase/postgrest-js": ["@supabase/postgrest-js@2.110.9", "https://europe-west4-npm.pkg.dev/lovable-core-prod/sandbox-npm-cache/@supabase/postgrest-js/-/postgrest-js-2.110.9.tgz", { "dependencies": { "tslib": "2.8.1" } }, "sha512-YEfUzBMNkDE9OMfjzZnVgJH9h7y+wxxXryrgYk/t3boVtjPPlfwTdWRx8YkihuIbl4zxzdG4I0yiS4nd4Lmj8Q=="],

    "@supabase/realtime-js": ["@supabase/realtime-js@2.110.9", "https://europe-west4-npm.pkg.dev/lovable-core-prod/sandbox-npm-cache/@supabase/realtime-js/-/realtime-js-2.110.9.tgz", { "dependencies": { "@supabase/phoenix": "0.4.5", "tslib": "2.8.1" } }, "sha512-XHau+5jIOEAtS9hNiSrL4/2SXSt0EApChsj+f2VJL2mL+eicpUYLkANBu+5awFLIjXGOkys+ClYQ7Dg/3UTHcA=="],

    "@supabase/storage-js": ["@supabase/storage-js@2.110.9", "https://europe-west4-npm.pkg.dev/lovable-core-prod/sandbox-npm-cache/@supabase/storage-js/-/storage-js-2.110.9.tgz", { "dependencies": { "iceberg-js": "^0.8.1", "tslib": "2.8.1" } }, "sha512-UmyL+SB4cOBsejAaJ8LnLIm31585shJtnTezCCLMHyo2AauoH13sKJqPllf/8HMcGYqd0a4kHrA5t2nz+MSARA=="],

    "@supabase/supabase-js": ["@supabase/supabase-js@2.110.9", "https://europe-west4-npm.pkg.dev/lovable-core-prod/sandbox-npm-cache/@supabase/supabase-js/-/supabase-js-2.110.9.tgz", { "dependencies": { "@supabase/auth-js": "2.110.9", "@supabase/functions-js": "2.110.9", "@supabase/postgrest-js": "2.110.9", "@supabase/realtime-js": "2.110.9", "@supabase/storage-js": "2.110.9" } }, "sha512-C8UVe+x6hymwiLdJntQCm9zMD5+40tWF6j+17Z6g8NJnBAWEiuM9wXYAqgDzGAQF6oqrkHddmnZwWZZtEp0zeA=="],

    "iceberg-js": ["iceberg-js@0.8.1", "https://europe-west4-npm.pkg.dev/lovable-core-prod/sandbox-npm-cache/iceberg-js/-/iceberg-js-0.8.1.tgz", {}, "sha512-1dhVQZXhcHje7798IVM+xoo/1ZdVfzOMIc8/rgVSijRK38EDqOJoGula9N/8ZI5RD8QTxNQtK/Gozpr+qUqRRA=="],

    "tslib": ["tslib@2.8.1", "", {}, "sha512-oJFu94HQb+KVduSUQL7wnpmqnfmLsOA/nAh6b6EH0wCEoK0/mPeXU6c3wKDV83MkOuHPRHtSXKKU99IBazS/2w=="],
  }
}
