{
  "name": "npm-deps-3524564232",
  "lockfileVersion": 3,
  "requires": true,
  "packages": {
    "": {
      "dependencies": {
        "@lovable.dev/cloud-auth-js": "^1.1.2"
      }
    },
    "node_modules/@lovable.dev/cloud-auth-js": {
      "version": "1.1.2",
      "resolved": "https://registry.npmjs.org/@lovable.dev/cloud-auth-js/-/cloud-auth-js-1.1.2.tgz",
      "integrity": "sha512-xz8ocewsgwkp8giau272/eWWU3XrchCg5uba4yQPPYtevHTXaVU3sD+fO1JjyPBHacVcOcwhmgUiU9TKHt63cg==",
      "license": "MIT"
    }
  }
}
